
Microsoft Visual Studio Solution File, Format Version 12.00
Project("{FAE04EC0-301F-11D3-BF4B-00C04F79EFBC}") = "MyContainer", "MyContainer\MyContainer.csproj", "{C34B876D-9E9E-4AA1-A254-2704B62C2413}"
EndProject
Project("{2150E333-8FDC-42A3-9474-1A3956D46DE8}") = "Solution Items", "Solution Items", "{BB250423-F142-4C8F-9364-59300FCE1DA9}"
	ProjectSection(SolutionItems) = preProject
		docker-compose.yml = docker-compose.yml
	EndProjectSection
EndProject
Global
	GlobalSection(SolutionConfigurationPlatforms) = preSolution
		Debug|Any CPU = Debug|Any CPU
		Release|Any CPU = Release|Any CPU
	EndGlobalSection
	GlobalSection(ProjectConfigurationPlatforms) = postSolution
		{C34B876D-9E9E-4AA1-A254-2704B62C2413}.Debug|Any CPU.ActiveCfg = Debug|Any CPU
		{C34B876D-9E9E-4AA1-A254-2704B62C2413}.Debug|Any CPU.Build.0 = Debug|Any CPU
		{C34B876D-9E9E-4AA1-A254-2704B62C2413}.Release|Any CPU.ActiveCfg = Release|Any CPU
		{C34B876D-9E9E-4AA1-A254-2704B62C2413}.Release|Any CPU.Build.0 = Release|Any CPU
	EndGlobalSection
EndGlobal
